
Microsoft Visual Studio Solution File, Format Version 12.00
# Visual Studio Version 16
VisualStudioVersion = 16.0.32602.291
MinimumVisualStudioVersion = 10.0.40219.1
Project("{9A19103F-16F7-4668-BE54-9A1E7A4F7556}") = "ProveTasks", "ProveTasks\ProveTasks.csproj", "{1022C1B4-D15E-4E00-891F-BD69D505FDA4}"
EndProject
Project("{FAE04EC0-301F-11D3-BF4B-00C04F79EFBC}") = "Task11", "Task11\Task11.csproj", "{02DEFA7F-0BD0-4934-855D-94108CB7CA63}"
EndProject
Global
	GlobalSection(SolutionConfigurationPlatforms) = preSolution
		Debug|Any CPU = Debug|Any CPU
		Release|Any CPU = Release|Any CPU
	EndGlobalSection
	GlobalSection(ProjectConfigurationPlatforms) = postSolution
		{1022C1B4-D15E-4E00-891F-BD69D505FDA4}.Debug|Any CPU.ActiveCfg = Debug|Any CPU
		{1022C1B4-D15E-4E00-891F-BD69D505FDA4}.Debug|Any CPU.Build.0 = Debug|Any CPU
		{1022C1B4-D15E-4E00-891F-BD69D505FDA4}.Release|Any CPU.ActiveCfg = Release|Any CPU
		{1022C1B4-D15E-4E00-891F-BD69D505FDA4}.Release|Any CPU.Build.0 = Release|Any CPU
		{02DEFA7F-0BD0-4934-855D-94108CB7CA63}.Debug|Any CPU.ActiveCfg = Debug|Any CPU
		{02DEFA7F-0BD0-4934-855D-94108CB7CA63}.Debug|Any CPU.Build.0 = Debug|Any CPU
		{02DEFA7F-0BD0-4934-855D-94108CB7CA63}.Release|Any CPU.ActiveCfg = Release|Any CPU
		{02DEFA7F-0BD0-4934-855D-94108CB7CA63}.Release|Any CPU.Build.0 = Release|Any CPU
	EndGlobalSection
	GlobalSection(SolutionProperties) = preSolution
		HideSolutionNode = FALSE
	EndGlobalSection
	GlobalSection(ExtensibilityGlobals) = postSolution
		SolutionGuid = {2719E34D-E518-43F4-8245-0574552E3C83}
	EndGlobalSection
EndGlobal
